// !$*UTF8*$!
{
	archiveVersion = 1;
	classes = {
	};
	objectVersion = 52;
	objects = {

/* Begin PBXBuildFile section */
		D33159CA263D409D0061211B /* AppDelegate.swift in Sources */ = {isa = PBXBuildFile; fileRef = D33159C9263D409D0061211B /* AppDelegate.swift */; };
		D33159CC263D409D0061211B /* SceneDelegate.swift in Sources */ = {isa = PBXBuildFile; fileRef = D33159CB263D409D0061211B /* SceneDelegate.swift */; };
		D33159CE263D409D0061211B /* ViewController.swift in Sources */ = {isa = PBXBuildFile; fileRef = D33159CD263D409D0061211B /* ViewController.swift */; };
		D33159D1263D409D0061211B /* Main.storyboard in Resources */ = {isa = PBXBuildFile; fileRef = D33159CF263D409D0061211B /* Main.storyboard */; };
		D33159D3263D409E0061211B /* Assets.xcassets in Resources */ = {isa = PBXBuildFile; fileRef = D33159D2263D409E0061211B /* Assets.xcassets */; };
		D33159D6263D409E0061211B /* LaunchScreen.storyboard in Resources */ = {isa = PBXBuildFile; fileRef = D33159D4263D409E0061211B /* LaunchScreen.storyboard */; };
		D3465563265692B000F5E378 /* EasyFirebaseSwift in Frameworks */ = {isa = PBXBuildFile; productRef = D3465562265692B000F5E378 /* EasyFirebaseSwift */; };
		D3686B24278491FE004D065B /* GoogleService-Info.plist in Resources */ = {isa = PBXBuildFile; fileRef = D3686B23278491FE004D065B /* GoogleService-Info.plist */; };
		D3B4383D277FFA3C000D6ED2 /* ViewController+Combine.swift in Sources */ = {isa = PBXBuildFile; fileRef = D3B4383C277FFA3C000D6ED2 /* ViewController+Combine.swift */; };
		D3B4383F277FFABB000D6ED2 /* ViewController+Filter.swift in Sources */ = {isa = PBXBuildFile; fileRef = D3B4383E277FFABB000D6ED2 /* ViewController+Filter.swift */; };
		D3B43841277FFAE7000D6ED2 /* Model.swift in Sources */ = {isa = PBXBuildFile; fileRef = D3B43840277FFAE7000D6ED2 /* Model.swift */; };
		D3B43843277FFB5A000D6ED2 /* ViewController+Async.swift in Sources */ = {isa = PBXBuildFile; fileRef = D3B43842277FFB5A000D6ED2 /* ViewController+Async.swift */; };
		D3B4384B277FFBE5000D6ED2 /* AppDelegate.swift in Sources */ = {isa = PBXBuildFile; fileRef = D3B4384A277FFBE5000D6ED2 /* AppDelegate.swift */; };
		D3B4384D277FFBE5000D6ED2 /* SceneDelegate.swift in Sources */ = {isa = PBXBuildFile; fileRef = D3B4384C277FFBE5000D6ED2 /* SceneDelegate.swift */; };
		D3B4384F277FFBE5000D6ED2 /* ViewController.swift in Sources */ = {isa = PBXBuildFile; fileRef = D3B4384E277FFBE5000D6ED2 /* ViewController.swift */; };
		D3B43852277FFBE5000D6ED2 /* Main.storyboard in Resources */ = {isa = PBXBuildFile; fileRef = D3B43850277FFBE5000D6ED2 /* Main.storyboard */; };
		D3B43854277FFBE7000D6ED2 /* Assets.xcassets in Resources */ = {isa = PBXBuildFile; fileRef = D3B43853277FFBE7000D6ED2 /* Assets.xcassets */; };
		D3B43857277FFBE7000D6ED2 /* LaunchScreen.storyboard in Resources */ = {isa = PBXBuildFile; fileRef = D3B43855277FFBE7000D6ED2 /* LaunchScreen.storyboard */; };
		D3B67EFB27802C740077C6EC /* SignInWithAppleViewController.swift in Sources */ = {isa = PBXBuildFile; fileRef = D3B67EF927802C740077C6EC /* SignInWithAppleViewController.swift */; };
		D3B67EFC27802C740077C6EC /* SignInWithAppleViewController.xib in Resources */ = {isa = PBXBuildFile; fileRef = D3B67EFA27802C740077C6EC /* SignInWithAppleViewController.xib */; };
		D3B67EFE27802CD60077C6EC /* EasyFirebaseSwift in Frameworks */ = {isa = PBXBuildFile; productRef = D3B67EFD27802CD60077C6EC /* EasyFirebaseSwift */; };
		D3B67F0127802D640077C6EC /* GoogleService-Info.plist in Resources */ = {isa = PBXBuildFile; fileRef = D3B67F0027802D630077C6EC /* GoogleService-Info.plist */; };
/* End PBXBuildFile section */

/* Begin PBXFileReference section */
		D33159C6263D409D0061211B /* FirestoreExample.app */ = {isa = PBXFileReference; explicitFileType = wrapper.application; includeInIndex = 0; path = FirestoreExample.app; sourceTree = BUILT_PRODUCTS_DIR; };
		D33159C9263D409D0061211B /* AppDelegate.swift */ = {isa = PBXFileReference; lastKnownFileType = sourcecode.swift; path = AppDelegate.swift; sourceTree = "<group>"; };
		D33159CB263D409D0061211B /* SceneDelegate.swift */ = {isa = PBXFileReference; lastKnownFileType = sourcecode.swift; path = SceneDelegate.swift; sourceTree = "<group>"; };
		D33159CD263D409D0061211B /* ViewController.swift */ = {isa = PBXFileReference; lastKnownFileType = sourcecode.swift; path = ViewController.swift; sourceTree = "<group>"; };
		D33159D0263D409D0061211B /* Base */ = {isa = PBXFileReference; lastKnownFileType = file.storyboard; name = Base; path = Base.lproj/Main.storyboard; sourceTree = "<group>"; };
		D33159D2263D409E0061211B /* Assets.xcassets */ = {isa = PBXFileReference; lastKnownFileType = folder.assetcatalog; path = Assets.xcassets; sourceTree = "<group>"; };
		D33159D5263D409E0061211B /* Base */ = {isa = PBXFileReference; lastKnownFileType = file.storyboard; name = Base; path = Base.lproj/LaunchScreen.storyboard; sourceTree = "<group>"; };
		D33159D7263D409E0061211B /* Info.plist */ = {isa = PBXFileReference; lastKnownFileType = text.plist.xml; path = Info.plist; sourceTree = "<group>"; };
		D3686B23278491FE004D065B /* GoogleService-Info.plist */ = {isa = PBXFileReference; fileEncoding = 4; lastKnownFileType = text.plist.xml; path = "GoogleService-Info.plist"; sourceTree = "<group>"; };
		D3B4383C277FFA3C000D6ED2 /* ViewController+Combine.swift */ = {isa = PBXFileReference; lastKnownFileType = sourcecode.swift; path = "ViewController+Combine.swift"; sourceTree = "<group>"; };
		D3B4383E277FFABB000D6ED2 /* ViewController+Filter.swift */ = {isa = PBXFileReference; lastKnownFileType = sourcecode.swift; path = "ViewController+Filter.swift"; sourceTree = "<group>"; };
		D3B43840277FFAE7000D6ED2 /* Model.swift */ = {isa = PBXFileReference; lastKnownFileType = sourcecode.swift; path = Model.swift; sourceTree = "<group>"; };
		D3B43842277FFB5A000D6ED2 /* ViewController+Async.swift */ = {isa = PBXFileReference; lastKnownFileType = sourcecode.swift; path = "ViewController+Async.swift"; sourceTree = "<group>"; };
		D3B43848277FFBE5000D6ED2 /* AuthExample.app */ = {isa = PBXFileReference; explicitFileType = wrapper.application; includeInIndex = 0; path = AuthExample.app; sourceTree = BUILT_PRODUCTS_DIR; };
		D3B4384A277FFBE5000D6ED2 /* AppDelegate.swift */ = {isa = PBXFileReference; lastKnownFileType = sourcecode.swift; path = AppDelegate.swift; sourceTree = "<group>"; };
		D3B4384C277FFBE5000D6ED2 /* SceneDelegate.swift */ = {isa = PBXFileReference; lastKnownFileType = sourcecode.swift; path = SceneDelegate.swift; sourceTree = "<group>"; };
		D3B4384E277FFBE5000D6ED2 /* ViewController.swift */ = {isa = PBXFileReference; lastKnownFileType = sourcecode.swift; path = ViewController.swift; sourceTree = "<group>"; };
		D3B43851277FFBE5000D6ED2 /* Base */ = {isa = PBXFileReference; lastKnownFileType = file.storyboard; name = Base; path = Base.lproj/Main.storyboard; sourceTree = "<group>"; };
		D3B43853277FFBE7000D6ED2 /* Assets.xcassets */ = {isa = PBXFileReference; lastKnownFileType = folder.assetcatalog; path = Assets.xcassets; sourceTree = "<group>"; };
		D3B43856277FFBE7000D6ED2 /* Base */ = {isa = PBXFileReference; lastKnownFileType = file.storyboard; name = Base; path = Base.lproj/LaunchScreen.storyboard; sourceTree = "<group>"; };
		D3B43858277FFBE7000D6ED2 /* Info.plist */ = {isa = PBXFileReference; lastKnownFileType = text.plist.xml; path = Info.plist; sourceTree = "<group>"; };
		D3B67EF927802C740077C6EC /* SignInWithAppleViewController.swift */ = {isa = PBXFileReference; lastKnownFileType = sourcecode.swift; path = SignInWithAppleViewController.swift; sourceTree = "<group>"; };
		D3B67EFA27802C740077C6EC /* SignInWithAppleViewController.xib */ = {isa = PBXFileReference; lastKnownFileType = file.xib; path = SignInWithAppleViewController.xib; sourceTree = "<group>"; };
		D3B67F0027802D630077C6EC /* GoogleService-Info.plist */ = {isa = PBXFileReference; lastKnownFileType = text.plist; name = "GoogleService-Info.plist"; path = "FirestoreExample/GoogleService-Info.plist"; sourceTree = SOURCE_ROOT; };
/* End PBXFileReference section */

/* Begin PBXFrameworksBuildPhase section */
		D33159C3263D409D0061211B /* Frameworks */ = {
			isa = PBXFrameworksBuildPhase;
			buildActionMask = 2147483647;
			files = (
				D3465563265692B000F5E378 /* EasyFirebaseSwift in Frameworks */,
			);
			runOnlyForDeploymentPostprocessing = 0;
		};
		D3B43845277FFBE5000D6ED2 /* Frameworks */ = {
			isa = PBXFrameworksBuildPhase;
			buildActionMask = 2147483647;
			files = (
				D3B67EFE27802CD60077C6EC /* EasyFirebaseSwift in Frameworks */,
			);
			runOnlyForDeploymentPostprocessing = 0;
		};
/* End PBXFrameworksBuildPhase section */

/* Begin PBXGroup section */
		D33159BD263D409D0061211B = {
			isa = PBXGroup;
			children = (
				D33159C8263D409D0061211B /* FirestoreExample */,
				D3B43849277FFBE5000D6ED2 /* AuthExample */,
				D33159C7263D409D0061211B /* Products */,
				D346555E2656922900F5E378 /* Frameworks */,
			);
			sourceTree = "<group>";
		};
		D33159C7263D409D0061211B /* Products */ = {
			isa = PBXGroup;
			children = (
				D33159C6263D409D0061211B /* FirestoreExample.app */,
				D3B43848277FFBE5000D6ED2 /* AuthExample.app */,
			);
			name = Products;
			sourceTree = "<group>";
		};
		D33159C8263D409D0061211B /* FirestoreExample */ = {
			isa = PBXGroup;
			children = (
				D3686B23278491FE004D065B /* GoogleService-Info.plist */,
				D33159D7263D409E0061211B /* Info.plist */,
				D33159C9263D409D0061211B /* AppDelegate.swift */,
				D3B43840277FFAE7000D6ED2 /* Model.swift */,
				D33159CB263D409D0061211B /* SceneDelegate.swift */,
				D33159CD263D409D0061211B /* ViewController.swift */,
				D3B43842277FFB5A000D6ED2 /* ViewController+Async.swift */,
				D3B4383C277FFA3C000D6ED2 /* ViewController+Combine.swift */,
				D3B4383E277FFABB000D6ED2 /* ViewController+Filter.swift */,
				D33159D2263D409E0061211B /* Assets.xcassets */,
				D33159D4263D409E0061211B /* LaunchScreen.storyboard */,
				D33159CF263D409D0061211B /* Main.storyboard */,
			);
			path = FirestoreExample;
			sourceTree = "<group>";
		};
		D346555E2656922900F5E378 /* Frameworks */ = {
			isa = PBXGroup;
			children = (
			);
			name = Frameworks;
			sourceTree = "<group>";
		};
		D3B43849277FFBE5000D6ED2 /* AuthExample */ = {
			isa = PBXGroup;
			children = (
				D3B67F0027802D630077C6EC /* GoogleService-Info.plist */,
				D3B43858277FFBE7000D6ED2 /* Info.plist */,
				D3B4384A277FFBE5000D6ED2 /* AppDelegate.swift */,
				D3B4384C277FFBE5000D6ED2 /* SceneDelegate.swift */,
				D3B67EF927802C740077C6EC /* SignInWithAppleViewController.swift */,
				D3B4384E277FFBE5000D6ED2 /* ViewController.swift */,
				D3B43853277FFBE7000D6ED2 /* Assets.xcassets */,
				D3B67EFA27802C740077C6EC /* SignInWithAppleViewController.xib */,
				D3B43855277FFBE7000D6ED2 /* LaunchScreen.storyboard */,
				D3B43850277FFBE5000D6ED2 /* Main.storyboard */,
			);
			path = AuthExample;
			sourceTree = "<group>";
		};
/* End PBXGroup section */

/* Begin PBXNativeTarget section */
		D33159C5263D409D0061211B /* FirestoreExample */ = {
			isa = PBXNativeTarget;
			buildConfigurationList = D33159DA263D409E0061211B /* Build configuration list for PBXNativeTarget "FirestoreExample" */;
			buildPhases = (
				D33159C2263D409D0061211B /* Sources */,
				D33159C3263D409D0061211B /* Frameworks */,
				D33159C4263D409D0061211B /* Resources */,
			);
			buildRules = (
			);
			dependencies = (
			);
			name = FirestoreExample;
			packageProductDependencies = (
				D3465562265692B000F5E378 /* EasyFirebaseSwift */,
			);
			productName = Example;
			productReference = D33159C6263D409D0061211B /* FirestoreExample.app */;
			productType = "com.apple.product-type.application";
		};
		D3B43847277FFBE5000D6ED2 /* AuthExample */ = {
			isa = PBXNativeTarget;
			buildConfigurationList = D3B4386F277FFBE7000D6ED2 /* Build configuration list for PBXNativeTarget "AuthExample" */;
			buildPhases = (
				D3B43844277FFBE5000D6ED2 /* Sources */,
				D3B43845277FFBE5000D6ED2 /* Frameworks */,
				D3B43846277FFBE5000D6ED2 /* Resources */,
			);
			buildRules = (
			);
			dependencies = (
			);
			name = AuthExample;
			packageProductDependencies = (
				D3B67EFD27802CD60077C6EC /* EasyFirebaseSwift */,
			);
			productName = AuthExample;
			productReference = D3B43848277FFBE5000D6ED2 /* AuthExample.app */;
			productType = "com.apple.product-type.application";
		};
/* End PBXNativeTarget section */

/* Begin PBXProject section */
		D33159BE263D409D0061211B /* Project object */ = {
			isa = PBXProject;
			attributes = {
				LastSwiftUpdateCheck = 1320;
				LastUpgradeCheck = 1250;
				TargetAttributes = {
					D33159C5263D409D0061211B = {
						CreatedOnToolsVersion = 12.5;
					};
					D3B43847277FFBE5000D6ED2 = {
						CreatedOnToolsVersion = 13.2.1;
					};
				};
			};
			buildConfigurationList = D33159C1263D409D0061211B /* Build configuration list for PBXProject "Example" */;
			compatibilityVersion = "Xcode 9.3";
			developmentRegion = en;
			hasScannedForEncodings = 0;
			knownRegions = (
				en,
				Base,
			);
			mainGroup = D33159BD263D409D0061211B;
			packageReferences = (
				D3465561265692B000F5E378 /* XCRemoteSwiftPackageReference "EasyFirebaseSwift" */,
			);
			productRefGroup = D33159C7263D409D0061211B /* Products */;
			projectDirPath = "";
			projectRoot = "";
			targets = (
				D33159C5263D409D0061211B /* FirestoreExample */,
				D3B43847277FFBE5000D6ED2 /* AuthExample */,
			);
		};
/* End PBXProject section */

/* Begin PBXResourcesBuildPhase section */
		D33159C4263D409D0061211B /* Resources */ = {
			isa = PBXResourcesBuildPhase;
			buildActionMask = 2147483647;
			files = (
				D33159D6263D409E0061211B /* LaunchScreen.storyboard in Resources */,
				D3686B24278491FE004D065B /* GoogleService-Info.plist in Resources */,
				D33159D3263D409E0061211B /* Assets.xcassets in Resources */,
				D33159D1263D409D0061211B /* Main.storyboard in Resources */,
			);
			runOnlyForDeploymentPostprocessing = 0;
		};
		D3B43846277FFBE5000D6ED2 /* Resources */ = {
			isa = PBXResourcesBuildPhase;
			buildActionMask = 2147483647;
			files = (
				D3B43857277FFBE7000D6ED2 /* LaunchScreen.storyboard in Resources */,
				D3B67EFC27802C740077C6EC /* SignInWithAppleViewController.xib in Resources */,
				D3B43854277FFBE7000D6ED2 /* Assets.xcassets in Resources */,
				D3B43852277FFBE5000D6ED2 /* Main.storyboard in Resources */,
				D3B67F0127802D640077C6EC /* GoogleService-Info.plist in Resources */,
			);
			runOnlyForDeploymentPostprocessing = 0;
		};
/* End PBXResourcesBuildPhase section */

/* Begin PBXSourcesBuildPhase section */
		D33159C2263D409D0061211B /* Sources */ = {
			isa = PBXSourcesBuildPhase;
			buildActionMask = 2147483647;
			files = (
				D33159CE263D409D0061211B /* ViewController.swift in Sources */,
				D33159CA263D409D0061211B /* AppDelegate.swift in Sources */,
				D3B43843277FFB5A000D6ED2 /* ViewController+Async.swift in Sources */,
				D3B4383F277FFABB000D6ED2 /* ViewController+Filter.swift in Sources */,
				D3B43841277FFAE7000D6ED2 /* Model.swift in Sources */,
				D3B4383D277FFA3C000D6ED2 /* ViewController+Combine.swift in Sources */,
				D33159CC263D409D0061211B /* SceneDelegate.swift in Sources */,
			);
			runOnlyForDeploymentPostprocessing = 0;
		};
		D3B43844277FFBE5000D6ED2 /* Sources */ = {
			isa = PBXSourcesBuildPhase;
			buildActionMask = 2147483647;
			files = (
				D3B4384F277FFBE5000D6ED2 /* ViewController.swift in Sources */,
				D3B4384B277FFBE5000D6ED2 /* AppDelegate.swift in Sources */,
				D3B4384D277FFBE5000D6ED2 /* SceneDelegate.swift in Sources */,
				D3B67EFB27802C740077C6EC /* SignInWithAppleViewController.swift in Sources */,
			);
			runOnlyForDeploymentPostprocessing = 0;
		};
/* End PBXSourcesBuildPhase section */

/* Begin PBXVariantGroup section */
		D33159CF263D409D0061211B /* Main.storyboard */ = {
			isa = PBXVariantGroup;
			children = (
				D33159D0263D409D0061211B /* Base */,
			);
			name = Main.storyboard;
			sourceTree = "<group>";
		};
		D33159D4263D409E0061211B /* LaunchScreen.storyboard */ = {
			isa = PBXVariantGroup;
			children = (
				D33159D5263D409E0061211B /* Base */,
			);
			name = LaunchScreen.storyboard;
			sourceTree = "<group>";
		};
		D3B43850277FFBE5000D6ED2 /* Main.storyboard */ = {
			isa = PBXVariantGroup;
			children = (
				D3B43851277FFBE5000D6ED2 /* Base */,
			);
			name = Main.storyboard;
			sourceTree = "<group>";
		};
		D3B43855277FFBE7000D6ED2 /* LaunchScreen.storyboard */ = {
			isa = PBXVariantGroup;
			children = (
				D3B43856277FFBE7000D6ED2 /* Base */,
			);
			name = LaunchScreen.storyboard;
			sourceTree = "<group>";
		};
/* End PBXVariantGroup section */

/* Begin XCBuildConfiguration section */
		D33159D8263D409E0061211B /* Debug */ = {
			isa = XCBuildConfiguration;
			buildSettings = {
				ALWAYS_SEARCH_USER_PATHS = NO;
				CLANG_ANALYZER_NONNULL = YES;
				CLANG_ANALYZER_NUMBER_OBJECT_CONVERSION = YES_AGGRESSIVE;
				CLANG_CXX_LANGUAGE_STANDARD = "gnu++14";
				CLANG_CXX_LIBRARY = "libc++";
				CLANG_ENABLE_MODULES = YES;
				CLANG_ENABLE_OBJC_ARC = YES;
				CLANG_ENABLE_OBJC_WEAK = YES;
				CLANG_WARN_BLOCK_CAPTURE_AUTORELEASING = YES;
				CLANG_WARN_BOOL_CONVERSION = YES;
				CLANG_WARN_COMMA = YES;
				CLANG_WARN_CONSTANT_CONVERSION = YES;
				CLANG_WARN_DEPRECATED_OBJC_IMPLEMENTATIONS = YES;
				CLANG_WARN_DIRECT_OBJC_ISA_USAGE = YES_ERROR;
				CLANG_WARN_DOCUMENTATION_COMMENTS = YES;
				CLANG_WARN_EMPTY_BODY = YES;
				CLANG_WARN_ENUM_CONVERSION = YES;
				CLANG_WARN_INFINITE_RECURSION = YES;
				CLANG_WARN_INT_CONVERSION = YES;
				CLANG_WARN_NON_LITERAL_NULL_CONVERSION = YES;
				CLANG_WARN_OBJC_IMPLICIT_RETAIN_SELF = YES;
				CLANG_WARN_OBJC_LITERAL_CONVERSION = YES;
				CLANG_WARN_OBJC_ROOT_CLASS = YES_ERROR;
				CLANG_WARN_QUOTED_INCLUDE_IN_FRAMEWORK_HEADER = YES;
				CLANG_WARN_RANGE_LOOP_ANALYSIS = YES;
				CLANG_WARN_STRICT_PROTOTYPES = YES;
				CLANG_WARN_SUSPICIOUS_MOVE = YES;
				CLANG_WARN_UNGUARDED_AVAILABILITY = YES_AGGRESSIVE;
				CLANG_WARN_UNREACHABLE_CODE = YES;
				CLANG_WARN__DUPLICATE_METHOD_MATCH = YES;
				COPY_PHASE_STRIP = NO;
				DEBUG_INFORMATION_FORMAT = dwarf;
				ENABLE_STRICT_OBJC_MSGSEND = YES;
				ENABLE_TESTABILITY = YES;
				GCC_C_LANGUAGE_STANDARD = gnu11;
				GCC_DYNAMIC_NO_PIC = NO;
				GCC_NO_COMMON_BLOCKS = YES;
				GCC_OPTIMIZATION_LEVEL = 0;
				GCC_PREPROCESSOR_DEFINITIONS = (
					"DEBUG=1",
					"$(inherited)",
				);
				GCC_WARN_64_TO_32_BIT_CONVERSION = YES;
				GCC_WARN_ABOUT_RETURN_TYPE = YES_ERROR;
				GCC_WARN_UNDECLARED_SELECTOR = YES;
				GCC_WARN_UNINITIALIZED_AUTOS = YES_AGGRESSIVE;
				GCC_WARN_UNUSED_FUNCTION = YES;
				GCC_WARN_UNUSED_VARIABLE = YES;
				IPHONEOS_DEPLOYMENT_TARGET = 15.0;
				MTL_ENABLE_DEBUG_INFO = INCLUDE_SOURCE;
				MTL_FAST_MATH = YES;
				ONLY_ACTIVE_ARCH = YES;
				SDKROOT = iphoneos;
				SWIFT_ACTIVE_COMPILATION_CONDITIONS = DEBUG;
				SWIFT_OPTIMIZATION_LEVEL = "-Onone";
			};
			name = Debug;
		};
		D33159D9263D409E0061211B /* Release */ = {
			isa = XCBuildConfiguration;
			buildSettings = {
				ALWAYS_SEARCH_USER_PATHS = NO;
				CLANG_ANALYZER_NONNULL = YES;
				CLANG_ANALYZER_NUMBER_OBJECT_CONVERSION = YES_AGGRESSIVE;
				CLANG_CXX_LANGUAGE_STANDARD = "gnu++14";
				CLANG_CXX_LIBRARY = "libc++";
				CLANG_ENABLE_MODULES = YES;
				CLANG_ENABLE_OBJC_ARC = YES;
				CLANG_ENABLE_OBJC_WEAK = YES;
				CLANG_WARN_BLOCK_CAPTURE_AUTORELEASING = YES;
				CLANG_WARN_BOOL_CONVERSION = YES;
				CLANG_WARN_COMMA = YES;
				CLANG_WARN_CONSTANT_CONVERSION = YES;
				CLANG_WARN_DEPRECATED_OBJC_IMPLEMENTATIONS = YES;
				CLANG_WARN_DIRECT_OBJC_ISA_USAGE = YES_ERROR;
				CLANG_WARN_DOCUMENTATION_COMMENTS = YES;
				CLANG_WARN_EMPTY_BODY = YES;
				CLANG_WARN_ENUM_CONVERSION = YES;
				CLANG_WARN_INFINITE_RECURSION = YES;
				CLANG_WARN_INT_CONVERSION = YES;
				CLANG_WARN_NON_LITERAL_NULL_CONVERSION = YES;
				CLANG_WARN_OBJC_IMPLICIT_RETAIN_SELF = YES;
				CLANG_WARN_OBJC_LITERAL_CONVERSION = YES;
				CLANG_WARN_OBJC_ROOT_CLASS = YES_ERROR;
				CLANG_WARN_QUOTED_INCLUDE_IN_FRAMEWORK_HEADER = YES;
				CLANG_WARN_RANGE_LOOP_ANALYSIS = YES;
				CLANG_WARN_STRICT_PROTOTYPES = YES;
				CLANG_WARN_SUSPICIOUS_MOVE = YES;
				CLANG_WARN_UNGUARDED_AVAILABILITY = YES_AGGRESSIVE;
				CLANG_WARN_UNREACHABLE_CODE = YES;
				CLANG_WARN__DUPLICATE_METHOD_MATCH = YES;
				COPY_PHASE_STRIP = NO;
				DEBUG_INFORMATION_FORMAT = "dwarf-with-dsym";
				ENABLE_NS_ASSERTIONS = NO;
				ENABLE_STRICT_OBJC_MSGSEND = YES;
				GCC_C_LANGUAGE_STANDARD = gnu11;
				GCC_NO_COMMON_BLOCKS = YES;
				GCC_WARN_64_TO_32_BIT_CONVERSION = YES;
				GCC_WARN_ABOUT_RETURN_TYPE = YES_ERROR;
				GCC_WARN_UNDECLARED_SELECTOR = YES;
				GCC_WARN_UNINITIALIZED_AUTOS = YES_AGGRESSIVE;
				GCC_WARN_UNUSED_FUNCTION = YES;
				GCC_WARN_UNUSED_VARIABLE = YES;
				IPHONEOS_DEPLOYMENT_TARGET = 15.0;
				MTL_ENABLE_DEBUG_INFO = NO;
				MTL_FAST_MATH = YES;
				SDKROOT = iphoneos;
				SWIFT_COMPILATION_MODE = wholemodule;
				SWIFT_OPTIMIZATION_LEVEL = "-O";
				VALIDATE_PRODUCT = YES;
			};
			name = Release;
		};
		D33159DB263D409E0061211B /* Debug */ = {
			isa = XCBuildConfiguration;
			buildSettings = {
				ASSETCATALOG_COMPILER_APPICON_NAME = AppIcon;
				ASSETCATALOG_COMPILER_GLOBAL_ACCENT_COLOR_NAME = AccentColor;
				CODE_SIGN_STYLE = Automatic;
				CURRENT_PROJECT_VERSION = 1;
				DEVELOPMENT_TEAM = 2X6AD4W323;
				INFOPLIST_FILE = "$(SRCROOT)/FirestoreExample/Info.plist";
				IPHONEOS_DEPLOYMENT_TARGET = 15.0;
				LD_RUNPATH_SEARCH_PATHS = (
					"$(inherited)",
					"@executable_path/Frameworks",
				);
				MARKETING_VERSION = 1.0;
				PRODUCT_BUNDLE_IDENTIFIER = dev.fummicc1.EasyFirebaseSwift.Example;
				PRODUCT_NAME = "$(TARGET_NAME)";
				SWIFT_VERSION = 5.0;
			};
			name = Debug;
		};
		D33159DC263D409E0061211B /* Release */ = {
			isa = XCBuildConfiguration;
			buildSettings = {
				ASSETCATALOG_COMPILER_APPICON_NAME = AppIcon;
				ASSETCATALOG_COMPILER_GLOBAL_ACCENT_COLOR_NAME = AccentColor;
				CODE_SIGN_STYLE = Automatic;
				CURRENT_PROJECT_VERSION = 1;
				DEVELOPMENT_TEAM = 2X6AD4W323;
				INFOPLIST_FILE = "$(SRCROOT)/FirestoreExample/Info.plist";
				IPHONEOS_DEPLOYMENT_TARGET = 15.0;
				LD_RUNPATH_SEARCH_PATHS = (
					"$(inherited)",
					"@executable_path/Frameworks",
				);
				MARKETING_VERSION = 1.0;
				PRODUCT_BUNDLE_IDENTIFIER = dev.fummicc1.EasyFirebaseSwift.Example;
				PRODUCT_NAME = "$(TARGET_NAME)";
				SWIFT_VERSION = 5.0;
			};
			name = Release;
		};
		D3B43870277FFBE7000D6ED2 /* Debug */ = {
			isa = XCBuildConfiguration;
			buildSettings = {
				ASSETCATALOG_COMPILER_APPICON_NAME = AppIcon;
				ASSETCATALOG_COMPILER_GLOBAL_ACCENT_COLOR_NAME = AccentColor;
				CLANG_CXX_LANGUAGE_STANDARD = "gnu++17";
				CODE_SIGN_STYLE = Automatic;
				CURRENT_PROJECT_VERSION = 1;
				DEVELOPMENT_TEAM = 2X6AD4W323;
				GENERATE_INFOPLIST_FILE = YES;
				INFOPLIST_FILE = AuthExample/Info.plist;
				INFOPLIST_KEY_UIApplicationSupportsIndirectInputEvents = YES;
				INFOPLIST_KEY_UILaunchStoryboardName = LaunchScreen;
				INFOPLIST_KEY_UIMainStoryboardFile = Main;
				INFOPLIST_KEY_UISupportedInterfaceOrientations_iPad = "UIInterfaceOrientationPortrait UIInterfaceOrientationPortraitUpsideDown UIInterfaceOrientationLandscapeLeft UIInterfaceOrientationLandscapeRight";
				INFOPLIST_KEY_UISupportedInterfaceOrientations_iPhone = "UIInterfaceOrientationPortrait UIInterfaceOrientationLandscapeLeft UIInterfaceOrientationLandscapeRight";
				IPHONEOS_DEPLOYMENT_TARGET = 15.2;
				LD_RUNPATH_SEARCH_PATHS = (
					"$(inherited)",
					"@executable_path/Frameworks",
				);
				MARKETING_VERSION = 1.0;
				PRODUCT_BUNDLE_IDENTIFIER = dev.fummicc1.EasyFirebaseSwift.Example;
				PRODUCT_NAME = "$(TARGET_NAME)";
				SWIFT_EMIT_LOC_STRINGS = YES;
				SWIFT_VERSION = 5.0;
				TARGETED_DEVICE_FAMILY = "1,2";
			};
			name = Debug;
		};
		D3B43871277FFBE7000D6ED2 /* Release */ = {
			isa = XCBuildConfiguration;
			buildSettings = {
				ASSETCATALOG_COMPILER_APPICON_NAME = AppIcon;
				ASSETCATALOG_COMPILER_GLOBAL_ACCENT_COLOR_NAME = AccentColor;
				CLANG_CXX_LANGUAGE_STANDARD = "gnu++17";
				CODE_SIGN_STYLE = Automatic;
				CURRENT_PROJECT_VERSION = 1;
				DEVELOPMENT_TEAM = 2X6AD4W323;
				GENERATE_INFOPLIST_FILE = YES;
				INFOPLIST_FILE = AuthExample/Info.plist;
				INFOPLIST_KEY_UIApplicationSupportsIndirectInputEvents = YES;
				INFOPLIST_KEY_UILaunchStoryboardName = LaunchScreen;
				INFOPLIST_KEY_UIMainStoryboardFile = Main;
				INFOPLIST_KEY_UISupportedInterfaceOrientations_iPad = "UIInterfaceOrientationPortrait UIInterfaceOrientationPortraitUpsideDown UIInterfaceOrientationLandscapeLeft UIInterfaceOrientationLandscapeRight";
				INFOPLIST_KEY_UISupportedInterfaceOrientations_iPhone = "UIInterfaceOrientationPortrait UIInterfaceOrientationLandscapeLeft UIInterfaceOrientationLandscapeRight";
				IPHONEOS_DEPLOYMENT_TARGET = 15.2;
				LD_RUNPATH_SEARCH_PATHS = (
					"$(inherited)",
					"@executable_path/Frameworks",
				);
				MARKETING_VERSION = 1.0;
				PRODUCT_BUNDLE_IDENTIFIER = dev.fummicc1.EasyFirebaseSwift.Example;
				PRODUCT_NAME = "$(TARGET_NAME)";
				SWIFT_EMIT_LOC_STRINGS = YES;
				SWIFT_VERSION = 5.0;
				TARGETED_DEVICE_FAMILY = "1,2";
			};
			name = Release;
		};
/* End XCBuildConfiguration section */

/* Begin XCConfigurationList section */
		D33159C1263D409D0061211B /* Build configuration list for PBXProject "Example" */ = {
			isa = XCConfigurationList;
			buildConfigurations = (
				D33159D8263D409E0061211B /* Debug */,
				D33159D9263D409E0061211B /* Release */,
			);
			defaultConfigurationIsVisible = 0;
			defaultConfigurationName = Release;
		};
		D33159DA263D409E0061211B /* Build configuration list for PBXNativeTarget "FirestoreExample" */ = {
			isa = XCConfigurationList;
			buildConfigurations = (
				D33159DB263D409E0061211B /* Debug */,
				D33159DC263D409E0061211B /* Release */,
			);
			defaultConfigurationIsVisible = 0;
			defaultConfigurationName = Release;
		};
		D3B4386F277FFBE7000D6ED2 /* Build configuration list for PBXNativeTarget "AuthExample" */ = {
			isa = XCConfigurationList;
			buildConfigurations = (
				D3B43870277FFBE7000D6ED2 /* Debug */,
				D3B43871277FFBE7000D6ED2 /* Release */,
			);
			defaultConfigurationIsVisible = 0;
			defaultConfigurationName = Release;
		};
/* End XCConfigurationList section */

/* Begin XCRemoteSwiftPackageReference section */
		D3465561265692B000F5E378 /* XCRemoteSwiftPackageReference "EasyFirebaseSwift" */ = {
			isa = XCRemoteSwiftPackageReference;
			repositoryURL = "https://github.com/fummicc1/EasyFirebaseSwift";
			requirement = {
				branch = feature/example;
				kind = branch;
			};
		};
/* End XCRemoteSwiftPackageReference section */

/* Begin XCSwiftPackageProductDependency section */
		D3465562265692B000F5E378 /* EasyFirebaseSwift */ = {
			isa = XCSwiftPackageProductDependency;
			package = D3465561265692B000F5E378 /* XCRemoteSwiftPackageReference "EasyFirebaseSwift" */;
			productName = EasyFirebaseSwift;
		};
		D3B67EFD27802CD60077C6EC /* EasyFirebaseSwift */ = {
			isa = XCSwiftPackageProductDependency;
			package = D3465561265692B000F5E378 /* XCRemoteSwiftPackageReference "EasyFirebaseSwift" */;
			productName = EasyFirebaseSwift;
		};
/* End XCSwiftPackageProductDependency section */
	};
	rootObject = D33159BE263D409D0061211B /* Project object */;
}
