// !$*UTF8*$!
{
	archiveVersion = 1;
	classes = {
	};
	objectVersion = 60;
	objects = {

/* Begin PBXBuildFile section */
		D31E33C0278B0A610037BDEF /* BoardApplicationApp.swift in Sources */ = {isa = PBXBuildFile; fileRef = D31E33BF278B0A610037BDEF /* BoardApplicationApp.swift */; };
		D31E33C2278B0A610037BDEF /* ContentView.swift in Sources */ = {isa = PBXBuildFile; fileRef = D31E33C1278B0A610037BDEF /* ContentView.swift */; };
		D31E33C4278B0A630037BDEF /* Assets.xcassets in Resources */ = {isa = PBXBuildFile; fileRef = D31E33C3278B0A630037BDEF /* Assets.xcassets */; };
		D31E33C7278B0A630037BDEF /* Preview Assets.xcassets in Resources */ = {isa = PBXBuildFile; fileRef = D31E33C6278B0A630037BDEF /* Preview Assets.xcassets */; };
		D31E33D1278B0CB90037BDEF /* Model.swift in Sources */ = {isa = PBXBuildFile; fileRef = D31E33D0278B0CB90037BDEF /* Model.swift */; };
		D31E33D3278B0D380037BDEF /* Message.swift in Sources */ = {isa = PBXBuildFile; fileRef = D31E33D2278B0D380037BDEF /* Message.swift */; };
		D31E33D5278B13960037BDEF /* GoogleService-Info.plist in Resources */ = {isa = PBXBuildFile; fileRef = D31E33D4278B13960037BDEF /* GoogleService-Info.plist */; };
		D3A38E0E2CB97526000B7EE1 /* EasyFirebaseAuth in Frameworks */ = {isa = PBXBuildFile; productRef = D3A38E0D2CB97526000B7EE1 /* EasyFirebaseAuth */; };
		D3A38E102CB97526000B7EE1 /* EasyFirebaseFirestore in Frameworks */ = {isa = PBXBuildFile; productRef = D3A38E0F2CB97526000B7EE1 /* EasyFirebaseFirestore */; };
		D3A38E122CB97526000B7EE1 /* EasyFirebaseStorage in Frameworks */ = {isa = PBXBuildFile; productRef = D3A38E112CB97526000B7EE1 /* EasyFirebaseStorage */; };
/* End PBXBuildFile section */

/* Begin PBXFileReference section */
		D31E33BC278B0A610037BDEF /* BoardApplication.app */ = {isa = PBXFileReference; explicitFileType = wrapper.application; includeInIndex = 0; path = BoardApplication.app; sourceTree = BUILT_PRODUCTS_DIR; };
		D31E33BF278B0A610037BDEF /* BoardApplicationApp.swift */ = {isa = PBXFileReference; lastKnownFileType = sourcecode.swift; path = BoardApplicationApp.swift; sourceTree = "<group>"; };
		D31E33C1278B0A610037BDEF /* ContentView.swift */ = {isa = PBXFileReference; lastKnownFileType = sourcecode.swift; path = ContentView.swift; sourceTree = "<group>"; };
		D31E33C3278B0A630037BDEF /* Assets.xcassets */ = {isa = PBXFileReference; lastKnownFileType = folder.assetcatalog; path = Assets.xcassets; sourceTree = "<group>"; };
		D31E33C6278B0A630037BDEF /* Preview Assets.xcassets */ = {isa = PBXFileReference; lastKnownFileType = folder.assetcatalog; path = "Preview Assets.xcassets"; sourceTree = "<group>"; };
		D31E33D0278B0CB90037BDEF /* Model.swift */ = {isa = PBXFileReference; lastKnownFileType = sourcecode.swift; path = Model.swift; sourceTree = "<group>"; };
		D31E33D2278B0D380037BDEF /* Message.swift */ = {isa = PBXFileReference; lastKnownFileType = sourcecode.swift; path = Message.swift; sourceTree = "<group>"; };
		D31E33D4278B13960037BDEF /* GoogleService-Info.plist */ = {isa = PBXFileReference; fileEncoding = 4; lastKnownFileType = text.plist.xml; path = "GoogleService-Info.plist"; sourceTree = "<group>"; };
/* End PBXFileReference section */

/* Begin PBXFrameworksBuildPhase section */
		D31E33B9278B0A610037BDEF /* Frameworks */ = {
			isa = PBXFrameworksBuildPhase;
			buildActionMask = 2147483647;
			files = (
				D3A38E0E2CB97526000B7EE1 /* EasyFirebaseAuth in Frameworks */,
				D3A38E122CB97526000B7EE1 /* EasyFirebaseStorage in Frameworks */,
				D3A38E102CB97526000B7EE1 /* EasyFirebaseFirestore in Frameworks */,
			);
			runOnlyForDeploymentPostprocessing = 0;
		};
/* End PBXFrameworksBuildPhase section */

/* Begin PBXGroup section */
		D31E33B3278B0A610037BDEF = {
			isa = PBXGroup;
			children = (
				D31E33BE278B0A610037BDEF /* BoardApplication */,
				D31E33BD278B0A610037BDEF /* Products */,
			);
			sourceTree = "<group>";
		};
		D31E33BD278B0A610037BDEF /* Products */ = {
			isa = PBXGroup;
			children = (
				D31E33BC278B0A610037BDEF /* BoardApplication.app */,
			);
			name = Products;
			sourceTree = "<group>";
		};
		D31E33BE278B0A610037BDEF /* BoardApplication */ = {
			isa = PBXGroup;
			children = (
				D31E33D4278B13960037BDEF /* GoogleService-Info.plist */,
				D31E33BF278B0A610037BDEF /* BoardApplicationApp.swift */,
				D31E33C1278B0A610037BDEF /* ContentView.swift */,
				D31E33D2278B0D380037BDEF /* Message.swift */,
				D31E33D0278B0CB90037BDEF /* Model.swift */,
				D31E33C3278B0A630037BDEF /* Assets.xcassets */,
				D31E33C5278B0A630037BDEF /* Preview Content */,
			);
			path = BoardApplication;
			sourceTree = "<group>";
		};
		D31E33C5278B0A630037BDEF /* Preview Content */ = {
			isa = PBXGroup;
			children = (
				D31E33C6278B0A630037BDEF /* Preview Assets.xcassets */,
			);
			path = "Preview Content";
			sourceTree = "<group>";
		};
/* End PBXGroup section */

/* Begin PBXNativeTarget section */
		D31E33BB278B0A610037BDEF /* BoardApplication */ = {
			isa = PBXNativeTarget;
			buildConfigurationList = D31E33CA278B0A630037BDEF /* Build configuration list for PBXNativeTarget "BoardApplication" */;
			buildPhases = (
				D31E33B8278B0A610037BDEF /* Sources */,
				D31E33B9278B0A610037BDEF /* Frameworks */,
				D31E33BA278B0A610037BDEF /* Resources */,
			);
			buildRules = (
			);
			dependencies = (
			);
			name = BoardApplication;
			packageProductDependencies = (
				D3A38E0D2CB97526000B7EE1 /* EasyFirebaseAuth */,
				D3A38E0F2CB97526000B7EE1 /* EasyFirebaseFirestore */,
				D3A38E112CB97526000B7EE1 /* EasyFirebaseStorage */,
			);
			productName = BoardApplication;
			productReference = D31E33BC278B0A610037BDEF /* BoardApplication.app */;
			productType = "com.apple.product-type.application";
		};
/* End PBXNativeTarget section */

/* Begin PBXProject section */
		D31E33B4278B0A610037BDEF /* Project object */ = {
			isa = PBXProject;
			attributes = {
				BuildIndependentTargetsInParallel = 1;
				LastSwiftUpdateCheck = 1320;
				LastUpgradeCheck = 1320;
				TargetAttributes = {
					D31E33BB278B0A610037BDEF = {
						CreatedOnToolsVersion = 13.2.1;
					};
				};
			};
			buildConfigurationList = D31E33B7278B0A610037BDEF /* Build configuration list for PBXProject "BoardApplication" */;
			compatibilityVersion = "Xcode 13.0";
			developmentRegion = en;
			hasScannedForEncodings = 0;
			knownRegions = (
				en,
				Base,
			);
			mainGroup = D31E33B3278B0A610037BDEF;
			packageReferences = (
				D3A38E0C2CB97526000B7EE1 /* XCLocalSwiftPackageReference "../../../../EasyFirebaseSwift" */,
			);
			productRefGroup = D31E33BD278B0A610037BDEF /* Products */;
			projectDirPath = "";
			projectRoot = "";
			targets = (
				D31E33BB278B0A610037BDEF /* BoardApplication */,
			);
		};
/* End PBXProject section */

/* Begin PBXResourcesBuildPhase section */
		D31E33BA278B0A610037BDEF /* Resources */ = {
			isa = PBXResourcesBuildPhase;
			buildActionMask = 2147483647;
			files = (
				D31E33C7278B0A630037BDEF /* Preview Assets.xcassets in Resources */,
				D31E33D5278B13960037BDEF /* GoogleService-Info.plist in Resources */,
				D31E33C4278B0A630037BDEF /* Assets.xcassets in Resources */,
			);
			runOnlyForDeploymentPostprocessing = 0;
		};
/* End PBXResourcesBuildPhase section */

/* Begin PBXSourcesBuildPhase section */
		D31E33B8278B0A610037BDEF /* Sources */ = {
			isa = PBXSourcesBuildPhase;
			buildActionMask = 2147483647;
			files = (
				D31E33C2278B0A610037BDEF /* ContentView.swift in Sources */,
				D31E33D3278B0D380037BDEF /* Message.swift in Sources */,
				D31E33D1278B0CB90037BDEF /* Model.swift in Sources */,
				D31E33C0278B0A610037BDEF /* BoardApplicationApp.swift in Sources */,
			);
			runOnlyForDeploymentPostprocessing = 0;
		};
/* End PBXSourcesBuildPhase section */

/* Begin XCBuildConfiguration section */
		D31E33C8278B0A630037BDEF /* Debug */ = {
			isa = XCBuildConfiguration;
			buildSettings = {
				ALWAYS_SEARCH_USER_PATHS = NO;
				CLANG_ANALYZER_NONNULL = YES;
				CLANG_ANALYZER_NUMBER_OBJECT_CONVERSION = YES_AGGRESSIVE;
				CLANG_CXX_LANGUAGE_STANDARD = "gnu++17";
				CLANG_CXX_LIBRARY = "libc++";
				CLANG_ENABLE_MODULES = YES;
				CLANG_ENABLE_OBJC_ARC = YES;
				CLANG_ENABLE_OBJC_WEAK = YES;
				CLANG_WARN_BLOCK_CAPTURE_AUTORELEASING = YES;
				CLANG_WARN_BOOL_CONVERSION = YES;
				CLANG_WARN_COMMA = YES;
				CLANG_WARN_CONSTANT_CONVERSION = YES;
				CLANG_WARN_DEPRECATED_OBJC_IMPLEMENTATIONS = YES;
				CLANG_WARN_DIRECT_OBJC_ISA_USAGE = YES_ERROR;
				CLANG_WARN_DOCUMENTATION_COMMENTS = YES;
				CLANG_WARN_EMPTY_BODY = YES;
				CLANG_WARN_ENUM_CONVERSION = YES;
				CLANG_WARN_INFINITE_RECURSION = YES;
				CLANG_WARN_INT_CONVERSION = YES;
				CLANG_WARN_NON_LITERAL_NULL_CONVERSION = YES;
				CLANG_WARN_OBJC_IMPLICIT_RETAIN_SELF = YES;
				CLANG_WARN_OBJC_LITERAL_CONVERSION = YES;
				CLANG_WARN_OBJC_ROOT_CLASS = YES_ERROR;
				CLANG_WARN_QUOTED_INCLUDE_IN_FRAMEWORK_HEADER = YES;
				CLANG_WARN_RANGE_LOOP_ANALYSIS = YES;
				CLANG_WARN_STRICT_PROTOTYPES = YES;
				CLANG_WARN_SUSPICIOUS_MOVE = YES;
				CLANG_WARN_UNGUARDED_AVAILABILITY = YES_AGGRESSIVE;
				CLANG_WARN_UNREACHABLE_CODE = YES;
				CLANG_WARN__DUPLICATE_METHOD_MATCH = YES;
				COPY_PHASE_STRIP = NO;
				DEBUG_INFORMATION_FORMAT = dwarf;
				ENABLE_STRICT_OBJC_MSGSEND = YES;
				ENABLE_TESTABILITY = YES;
				GCC_C_LANGUAGE_STANDARD = gnu11;
				GCC_DYNAMIC_NO_PIC = NO;
				GCC_NO_COMMON_BLOCKS = YES;
				GCC_OPTIMIZATION_LEVEL = 0;
				GCC_PREPROCESSOR_DEFINITIONS = (
					"DEBUG=1",
					"$(inherited)",
				);
				GCC_WARN_64_TO_32_BIT_CONVERSION = YES;
				GCC_WARN_ABOUT_RETURN_TYPE = YES_ERROR;
				GCC_WARN_UNDECLARED_SELECTOR = YES;
				GCC_WARN_UNINITIALIZED_AUTOS = YES_AGGRESSIVE;
				GCC_WARN_UNUSED_FUNCTION = YES;
				GCC_WARN_UNUSED_VARIABLE = YES;
				IPHONEOS_DEPLOYMENT_TARGET = 15.2;
				MTL_ENABLE_DEBUG_INFO = INCLUDE_SOURCE;
				MTL_FAST_MATH = YES;
				ONLY_ACTIVE_ARCH = YES;
				SDKROOT = iphoneos;
				SWIFT_ACTIVE_COMPILATION_CONDITIONS = DEBUG;
				SWIFT_OPTIMIZATION_LEVEL = "-Onone";
			};
			name = Debug;
		};
		D31E33C9278B0A630037BDEF /* Release */ = {
			isa = XCBuildConfiguration;
			buildSettings = {
				ALWAYS_SEARCH_USER_PATHS = NO;
				CLANG_ANALYZER_NONNULL = YES;
				CLANG_ANALYZER_NUMBER_OBJECT_CONVERSION = YES_AGGRESSIVE;
				CLANG_CXX_LANGUAGE_STANDARD = "gnu++17";
				CLANG_CXX_LIBRARY = "libc++";
				CLANG_ENABLE_MODULES = YES;
				CLANG_ENABLE_OBJC_ARC = YES;
				CLANG_ENABLE_OBJC_WEAK = YES;
				CLANG_WARN_BLOCK_CAPTURE_AUTORELEASING = YES;
				CLANG_WARN_BOOL_CONVERSION = YES;
				CLANG_WARN_COMMA = YES;
				CLANG_WARN_CONSTANT_CONVERSION = YES;
				CLANG_WARN_DEPRECATED_OBJC_IMPLEMENTATIONS = YES;
				CLANG_WARN_DIRECT_OBJC_ISA_USAGE = YES_ERROR;
				CLANG_WARN_DOCUMENTATION_COMMENTS = YES;
				CLANG_WARN_EMPTY_BODY = YES;
				CLANG_WARN_ENUM_CONVERSION = YES;
				CLANG_WARN_INFINITE_RECURSION = YES;
				CLANG_WARN_INT_CONVERSION = YES;
				CLANG_WARN_NON_LITERAL_NULL_CONVERSION = YES;
				CLANG_WARN_OBJC_IMPLICIT_RETAIN_SELF = YES;
				CLANG_WARN_OBJC_LITERAL_CONVERSION = YES;
				CLANG_WARN_OBJC_ROOT_CLASS = YES_ERROR;
				CLANG_WARN_QUOTED_INCLUDE_IN_FRAMEWORK_HEADER = YES;
				CLANG_WARN_RANGE_LOOP_ANALYSIS = YES;
				CLANG_WARN_STRICT_PROTOTYPES = YES;
				CLANG_WARN_SUSPICIOUS_MOVE = YES;
				CLANG_WARN_UNGUARDED_AVAILABILITY = YES_AGGRESSIVE;
				CLANG_WARN_UNREACHABLE_CODE = YES;
				CLANG_WARN__DUPLICATE_METHOD_MATCH = YES;
				COPY_PHASE_STRIP = NO;
				DEBUG_INFORMATION_FORMAT = "dwarf-with-dsym";
				ENABLE_NS_ASSERTIONS = NO;
				ENABLE_STRICT_OBJC_MSGSEND = YES;
				GCC_C_LANGUAGE_STANDARD = gnu11;
				GCC_NO_COMMON_BLOCKS = YES;
				GCC_WARN_64_TO_32_BIT_CONVERSION = YES;
				GCC_WARN_ABOUT_RETURN_TYPE = YES_ERROR;
				GCC_WARN_UNDECLARED_SELECTOR = YES;
				GCC_WARN_UNINITIALIZED_AUTOS = YES_AGGRESSIVE;
				GCC_WARN_UNUSED_FUNCTION = YES;
				GCC_WARN_UNUSED_VARIABLE = YES;
				IPHONEOS_DEPLOYMENT_TARGET = 15.2;
				MTL_ENABLE_DEBUG_INFO = NO;
				MTL_FAST_MATH = YES;
				SDKROOT = iphoneos;
				SWIFT_COMPILATION_MODE = wholemodule;
				SWIFT_OPTIMIZATION_LEVEL = "-O";
				VALIDATE_PRODUCT = YES;
			};
			name = Release;
		};
		D31E33CB278B0A630037BDEF /* Debug */ = {
			isa = XCBuildConfiguration;
			buildSettings = {
				ASSETCATALOG_COMPILER_APPICON_NAME = AppIcon;
				ASSETCATALOG_COMPILER_GLOBAL_ACCENT_COLOR_NAME = AccentColor;
				CODE_SIGN_STYLE = Automatic;
				CURRENT_PROJECT_VERSION = 1;
				DEVELOPMENT_ASSET_PATHS = "\"BoardApplication/Preview Content\"";
				DEVELOPMENT_TEAM = S8WBNKMKYU;
				ENABLE_PREVIEWS = YES;
				GENERATE_INFOPLIST_FILE = YES;
				INFOPLIST_KEY_UIApplicationSceneManifest_Generation = YES;
				INFOPLIST_KEY_UIApplicationSupportsIndirectInputEvents = YES;
				INFOPLIST_KEY_UILaunchScreen_Generation = YES;
				INFOPLIST_KEY_UISupportedInterfaceOrientations_iPad = "UIInterfaceOrientationPortrait UIInterfaceOrientationPortraitUpsideDown UIInterfaceOrientationLandscapeLeft UIInterfaceOrientationLandscapeRight";
				INFOPLIST_KEY_UISupportedInterfaceOrientations_iPhone = "UIInterfaceOrientationPortrait UIInterfaceOrientationLandscapeLeft UIInterfaceOrientationLandscapeRight";
				IPHONEOS_DEPLOYMENT_TARGET = 15.0;
				LD_RUNPATH_SEARCH_PATHS = (
					"$(inherited)",
					"@executable_path/Frameworks",
				);
				MARKETING_VERSION = 1.0;
				PRODUCT_BUNDLE_IDENTIFIER = dev.fummicc1.EasyFirebaseSwift.Example.BoardApplication;
				PRODUCT_NAME = "$(TARGET_NAME)";
				SWIFT_EMIT_LOC_STRINGS = YES;
				SWIFT_VERSION = 5.0;
				TARGETED_DEVICE_FAMILY = "1,2";
			};
			name = Debug;
		};
		D31E33CC278B0A630037BDEF /* Release */ = {
			isa = XCBuildConfiguration;
			buildSettings = {
				ASSETCATALOG_COMPILER_APPICON_NAME = AppIcon;
				ASSETCATALOG_COMPILER_GLOBAL_ACCENT_COLOR_NAME = AccentColor;
				CODE_SIGN_STYLE = Automatic;
				CURRENT_PROJECT_VERSION = 1;
				DEVELOPMENT_ASSET_PATHS = "\"BoardApplication/Preview Content\"";
				DEVELOPMENT_TEAM = S8WBNKMKYU;
				ENABLE_PREVIEWS = YES;
				GENERATE_INFOPLIST_FILE = YES;
				INFOPLIST_KEY_UIApplicationSceneManifest_Generation = YES;
				INFOPLIST_KEY_UIApplicationSupportsIndirectInputEvents = YES;
				INFOPLIST_KEY_UILaunchScreen_Generation = YES;
				INFOPLIST_KEY_UISupportedInterfaceOrientations_iPad = "UIInterfaceOrientationPortrait UIInterfaceOrientationPortraitUpsideDown UIInterfaceOrientationLandscapeLeft UIInterfaceOrientationLandscapeRight";
				INFOPLIST_KEY_UISupportedInterfaceOrientations_iPhone = "UIInterfaceOrientationPortrait UIInterfaceOrientationLandscapeLeft UIInterfaceOrientationLandscapeRight";
				IPHONEOS_DEPLOYMENT_TARGET = 15.0;
				LD_RUNPATH_SEARCH_PATHS = (
					"$(inherited)",
					"@executable_path/Frameworks",
				);
				MARKETING_VERSION = 1.0;
				PRODUCT_BUNDLE_IDENTIFIER = dev.fummicc1.EasyFirebaseSwift.Example.BoardApplication;
				PRODUCT_NAME = "$(TARGET_NAME)";
				SWIFT_EMIT_LOC_STRINGS = YES;
				SWIFT_VERSION = 5.0;
				TARGETED_DEVICE_FAMILY = "1,2";
			};
			name = Release;
		};
/* End XCBuildConfiguration section */

/* Begin XCConfigurationList section */
		D31E33B7278B0A610037BDEF /* Build configuration list for PBXProject "BoardApplication" */ = {
			isa = XCConfigurationList;
			buildConfigurations = (
				D31E33C8278B0A630037BDEF /* Debug */,
				D31E33C9278B0A630037BDEF /* Release */,
			);
			defaultConfigurationIsVisible = 0;
			defaultConfigurationName = Release;
		};
		D31E33CA278B0A630037BDEF /* Build configuration list for PBXNativeTarget "BoardApplication" */ = {
			isa = XCConfigurationList;
			buildConfigurations = (
				D31E33CB278B0A630037BDEF /* Debug */,
				D31E33CC278B0A630037BDEF /* Release */,
			);
			defaultConfigurationIsVisible = 0;
			defaultConfigurationName = Release;
		};
/* End XCConfigurationList section */

/* Begin XCLocalSwiftPackageReference section */
		D3A38E0C2CB97526000B7EE1 /* XCLocalSwiftPackageReference "../../../../EasyFirebaseSwift" */ = {
			isa = XCLocalSwiftPackageReference;
			relativePath = ../../../../EasyFirebaseSwift;
		};
/* End XCLocalSwiftPackageReference section */

/* Begin XCSwiftPackageProductDependency section */
		D3A38E0D2CB97526000B7EE1 /* EasyFirebaseAuth */ = {
			isa = XCSwiftPackageProductDependency;
			productName = EasyFirebaseAuth;
		};
		D3A38E0F2CB97526000B7EE1 /* EasyFirebaseFirestore */ = {
			isa = XCSwiftPackageProductDependency;
			productName = EasyFirebaseFirestore;
		};
		D3A38E112CB97526000B7EE1 /* EasyFirebaseStorage */ = {
			isa = XCSwiftPackageProductDependency;
			productName = EasyFirebaseStorage;
		};
/* End XCSwiftPackageProductDependency section */
	};
	rootObject = D31E33B4278B0A610037BDEF /* Project object */;
}
